{
  "object": {
    "pins": [
      {
        "package": "Files",
        "repositoryURL": "https://github.com/pixyzehn/Files.git",
        "state": {
          "branch": null,
          "revision": "8b4c306c514669b72cc4ab6f1bc28223557a8725",
          "version": "1.14.0"
        }
      }
    ]
  },
  "version": 1
}
