{
  "object": {
    "pins": [
      {
        "package": "Files",
        "repositoryURL": "https://github.com/pixyzehn/Files.git",
        "state": {
          "branch": null,
          "revision": "85a608aa0f3e12c3a574cbfe666943dd06a7af5d",
          "version": "1.13.0"
        }
      }
    ]
  },
  "version": 1
}
