{
  "object": {
    "pins": [
      {
        "package": "Files",
        "repositoryURL": "https://github.com/JohnSundell/Files.git",
        "state": {
          "branch": null,
          "revision": "ce154128bd2944871f2808447bd1a4c4df458c4b",
          "version": "1.10.0"
        }
      }
    ]
  },
  "version": 1
}
